{
  "version": 4,
  "terraform_version": "0.15.3",
  "serial": 108,
  "lineage": "ea2ea811-30d7-d7d5-f30c-8cf742278d0e",
  "outputs": {},
  "resources": [
    {
      "mode": "data",
      "type": "digitalocean_ssh_key",
      "name": "terraform",
      "provider": "provider[\"registry.terraform.io/digitalocean/digitalocean\"]",
      "instances": [
        {
          "schema_version": 0,
          "attributes": {
            "fingerprint": "35:da:6f:ed:4a:21:6f:bb:89:8b:66:07:16:b0:0a:d9",
            "id": "30316150",
            "name": "oleks",
            "public_key": "ssh-rsa AAAAB3NzaC1yc2EAAAADAQABAAABAQDBeZa6kGhDooXDXumssKqtnqDv4KRFWDPLP64zpn2QY5Gac0gyhUSUP3ednOpjLjiaAu8tKhpenD1/WGBdyT4VuY9xx8+RhPshysjexPZMYdX0ieEd3n1OiPi6zGSpXw4B6HafcoZoakvSDmpisKX9lpcB2Xdwp/FI31Gl5SYL3CMMqKp/CfkUHVY95BtbLZLQeUKf2faWmietMAmmuUKryaBqHzDcxuFE94b+yS3staiW2EhkHvdbn/XiRrQWW7Prtj59Dsmhg+Cp+/DL/GN39alKAmJbjjVYffalYKmZJaezKhmOsxKMtTuVAb4Dc7o4xTjDcOaY5EvbyxkPecej oleksandr@Oleksandrs-MacBook-Pro.local"
          },
          "sensitive_attributes": []
        }
      ]
    },
    {
      "mode": "managed",
      "type": "digitalocean_droplet",
      "name": "www",
      "provider": "provider[\"registry.terraform.io/digitalocean/digitalocean\"]",
      "instances": [
        {
          "schema_version": 1,
          "attributes": {
            "backups": false,
            "created_at": "2021-05-20T16:25:55Z",
            "disk": 25,
            "id": "246906233",
            "image": "ubuntu-20-04-x64",
            "ipv4_address": "178.128.204.192",
            "ipv4_address_private": "10.114.0.2",
            "ipv6": false,
            "ipv6_address": "",
            "ipv6_address_private": null,
            "locked": false,
            "memory": 1024,
            "monitoring": false,
            "name": "mybooks-droplet",
            "price_hourly": 0.00744,
            "price_monthly": 5,
            "private_networking": true,
            "region": "fra1",
            "resize_disk": true,
            "size": "s-1vcpu-1gb",
            "ssh_keys": [
              "30316150"
            ],
            "status": "active",
            "tags": [],
            "urn": "do:droplet:246906233",
            "user_data": "a53720034abd8fb06b7e59787dce6bf1d4a35d74",
            "vcpus": 1,
            "volume_ids": [
              "093fc82d-b8e0-11eb-bc45-0a58ac14d16a"
            ],
            "vpc_uuid": "d7a3966c-68f8-4d11-9f83-ad89549336f1"
          },
          "sensitive_attributes": [],
          "private": "eyJzY2hlbWFfdmVyc2lvbiI6IjEifQ==",
          "dependencies": [
            "data.digitalocean_ssh_key.terraform"
          ]
        }
      ]
    }
  ]
}
