{
  "version": 4,
  "terraform_version": "0.15.3",
  "serial": 212,
  "lineage": "ea2ea811-30d7-d7d5-f30c-8cf742278d0e",
  "outputs": {},
  "resources": [
    {
      "mode": "data",
      "type": "cloudflare_ip_ranges",
      "name": "cloudflare",
      "provider": "provider[\"registry.terraform.io/cloudflare/cloudflare\"]",
      "instances": [
        {
          "schema_version": 0,
          "attributes": {
            "china_ipv4_cidr_blocks": [
              "1.86.232.128/27",
              "1.86.232.160/27",
              "1.86.232.192/28",
              "1.86.232.208/28",
              "101.206.207.128/28",
              "101.206.207.144/28",
              "101.206.207.64/27",
              "101.206.207.96/27",
              "101.227.207.0/26",
              "101.227.207.128/25",
              "101.227.207.64/26",
              "101.71.55.0/24",
              "101.71.56.0/24",
              "103.105.14.104/30",
              "111.32.135.0/25",
              "111.32.135.128/25",
              "111.32.136.0/24",
              "112.25.90.0/24",
              "112.25.91.0/24",
              "112.30.245.128/27",
              "112.30.245.160/27",
              "112.30.245.192/28",
              "112.30.245.208/28",
              "112.49.47.32/28",
              "112.49.47.48/28",
              "112.49.47.64/27",
              "112.49.47.96/27",
              "112.65.74.0/25",
              "112.65.74.128/25",
              "112.65.75.0/24",
              "113.207.101.0/25",
              "113.207.101.128/25",
              "113.207.102.0/24",
              "114.67.192.192/28",
              "114.67.192.208/28",
              "114.67.192.224/28",
              "114.67.192.240/28",
              "115.231.135.0/27",
              "115.231.135.32/27",
              "115.231.135.64/28",
              "115.231.135.80/28",
              "115.231.186.0/25",
              "115.231.187.0/24",
              "116.163.41.0/26",
              "116.163.41.128/28",
              "116.163.41.144/28",
              "116.163.41.64/26",
              "116.177.232.160/28",
              "116.177.232.176/28",
              "116.177.246.0/26",
              "116.177.246.64/26",
              "116.207.169.112/28",
              "116.207.169.128/26",
              "116.207.169.192/26",
              "116.207.169.96/28",
              "117.161.126.128/27",
              "117.161.126.160/27",
              "117.161.126.192/28",
              "117.161.126.208/28",
              "117.34.13.0/24",
              "117.34.14.0/24",
              "117.34.28.128/25",
              "119.147.134.0/24",
              "119.188.132.128/25",
              "119.188.204.0/27",
              "119.188.204.32/27",
              "119.188.204.64/28",
              "119.188.204.80/28",
              "119.188.9.0/24",
              "119.188.97.0/24",
              "120.201.47.192/28",
              "120.201.47.208/28",
              "120.201.53.128/26",
              "120.201.53.192/26",
              "120.220.222.32/28",
              "120.220.222.48/28",
              "120.220.222.64/27",
              "120.220.222.96/27",
              "121.22.238.0/27",
              "121.22.238.160/28",
              "121.22.238.176/28",
              "121.22.238.32/27",
              "122.189.239.112/28",
              "122.189.239.128/26",
              "122.189.239.192/26",
              "122.189.239.96/28",
              "122.190.2.128/27",
              "122.190.2.160/27",
              "123.6.53.32/28",
              "123.6.53.48/28",
              "123.6.53.64/27",
              "123.6.53.96/27",
              "125.39.174.0/24",
              "125.39.239.0/24",
              "125.74.20.224/28",
              "125.74.20.240/28",
              "125.74.49.0/27",
              "125.74.49.32/27",
              "125.75.102.128/27",
              "125.75.102.160/27",
              "125.75.102.192/28",
              "125.75.102.208/28",
              "153.35.172.0/26",
              "153.35.50.128/26",
              "153.35.50.192/28",
              "153.35.50.208/28",
              "157.255.24.128/27",
              "157.255.24.160/27",
              "180.119.168.0/26",
              "180.119.168.128/26",
              "180.119.168.192/26",
              "180.119.168.64/26",
              "180.163.188.192/26",
              "182.100.67.128/27",
              "182.100.67.160/27",
              "182.100.67.192/28",
              "182.100.67.208/28",
              "183.146.21.0/27",
              "183.146.21.32/27",
              "183.204.41.0/26",
              "183.204.41.128/26",
              "183.204.41.192/26",
              "183.204.41.64/26",
              "183.216.188.160/28",
              "183.216.188.176/28",
              "183.216.188.192/27",
              "183.216.188.224/27",
              "183.61.177.0/24",
              "198.41.130.0/26",
              "198.41.130.128/26",
              "198.41.130.192/26",
              "198.41.130.64/26",
              "218.60.111.0/26",
              "218.60.111.128/28",
              "218.60.111.144/28",
              "218.60.111.64/26",
              "220.170.185.128/27",
              "220.170.185.160/27",
              "223.87.176.128/27",
              "223.87.176.160/27",
              "223.87.182.128/28",
              "223.87.182.144/28",
              "27.156.45.0/26",
              "27.156.45.64/26",
              "27.36.126.192/27",
              "27.36.126.224/27",
              "27.36.126.32/28",
              "27.36.126.48/28",
              "36.249.83.0/27",
              "36.249.83.32/27",
              "36.249.83.64/28",
              "36.249.83.80/28",
              "39.175.98.192/27",
              "39.175.98.224/27",
              "39.175.98.32/28",
              "39.175.98.48/28",
              "42.236.93.0/24",
              "42.236.94.0/24",
              "42.81.15.0/24",
              "42.81.16.0/24",
              "42.81.6.0/25",
              "42.81.8.0/25",
              "58.211.137.0/24",
              "58.211.2.0/24",
              "59.51.81.128/27",
              "59.51.81.160/27",
              "59.51.81.192/27",
              "59.51.81.224/27",
              "61.154.240.112/28",
              "61.154.240.96/28",
              "61.155.149.0/24",
              "61.182.136.0/24",
              "61.182.137.0/26",
              "61.182.137.64/26"
            ],
            "china_ipv6_cidr_blocks": [
              "2403:1ec0:1400:ff01:1000::/68",
              "2403:1ec0:1400:ff01:3000::/68",
              "2403:1ec0:1400:ff01:4000::/68",
              "2408:861b:bf00:0:1000::/68",
              "2408:861b:bf00:0:3000::/68",
              "2408:861b:bf00:0:4000::/68",
              "2408:8719:64:50:1000::/68",
              "2408:8719:64:50:3000::/68",
              "2408:8719:64:50:4000::/68",
              "2408:871a:1801:7:100::/72",
              "2408:871a:1801:7::/72",
              "2408:8720:800:10:1000::/68",
              "2408:8720:800:10:3000::/68",
              "2408:8720:800:10:4000::/68",
              "2408:8730:500:c:1000::/68",
              "2408:8730:500:c:3000::/68",
              "2408:8730:500:c:4000::/68",
              "2408:873d:2812:103:1000::/68",
              "2408:873d:2812:103:3000::/68",
              "2408:873d:2812:103:4000::/68",
              "2408:8748:c110:45:1000::/68",
              "2408:8748:c110:45:3000::/68",
              "2408:8748:c110:45:4000::/68",
              "2408:874f:b000:6:1000::/68",
              "2408:874f:b000:6:3000::/68",
              "2408:874f:b000:6:4000::/68",
              "2408:8752:600:6:1000::/68",
              "2408:8752:600:6:3000::/68",
              "2408:8752:600:6:4000::/68",
              "2408:8756:4cff:d002:1000::/68",
              "2408:8756:4cff:d002:3000::/68",
              "2408:8756:4cff:d002:4000::/68",
              "2408:8763:0:400:100::/72",
              "2408:8763:0:400::/72",
              "2408:8766:1:5:1000::/68",
              "2408:8766:1:5:3000::/68",
              "2408:8766:1:5:4000::/68",
              "2408:8776:1:302:1000::/68",
              "2408:8776:1:302:3000::/68",
              "2408:8776:1:302:4000::/68",
              "2409:8c10:c00:305:1000::/68",
              "2409:8c10:c00:305:3000::/68",
              "2409:8c10:c00:305:4000::/68",
              "2409:8c14:e08:9907:1000::/68",
              "2409:8c14:e08:9907:3000::/68",
              "2409:8c14:e08:9907:4000::/68",
              "2409:8c20:1831:203:100::/72",
              "2409:8c20:1831:203::/72",
              "2409:8c28:90a0:202:1000::/68",
              "2409:8c28:90a0:202:3000::/68",
              "2409:8c28:90a0:202:4000::/68",
              "2409:8c30:1000:b04:1000::/68",
              "2409:8c30:1000:b04:3000::/68",
              "2409:8c30:1000:b04:4000::/68",
              "2409:8c34:d00:6:1000::/68",
              "2409:8c34:d00:6:3000::/68",
              "2409:8c34:d00:6:4000::/68",
              "2409:8c38:c60:202:1000::/68",
              "2409:8c38:c60:202:3000::/68",
              "2409:8c38:c60:202:4000::/68",
              "2409:8c3c:1300:50a:1000::/68",
              "2409:8c3c:1300:50a:3000::/68",
              "2409:8c3c:1300:50a:4000::/68",
              "2409:8c44:1:ff04:1000::/68",
              "2409:8c44:1:ff04:3000::/68",
              "2409:8c44:1:ff04:4000::/68",
              "2409:8c62:f10:14:1000::/68",
              "2409:8c62:f10:14:3000::/68",
              "2409:8c62:f10:14:4000::/68",
              "240e:658:2400:204:1000::/68",
              "240e:658:2400:204:3000::/68",
              "240e:658:2400:204:4000::/68",
              "240e:67f:1000:202:1000::/68",
              "240e:67f:1000:202:3000::/68",
              "240e:67f:1000:202:4000::/68",
              "240e:928:201:1:100::/72",
              "240e:928:201:1::/72",
              "240e:935:a00:312:1000::/68",
              "240e:935:a00:312:3000::/68",
              "240e:935:a00:312:4000::/68",
              "240e:935:a00:317:1000::/68",
              "240e:935:a00:317:3000::/68",
              "240e:935:a00:317:4000::/68",
              "240e:95d:1109:0:1000::/68",
              "240e:95d:1109:0:3000::/68",
              "240e:95d:1109:0:4000::/68",
              "240e:97d:4:1ff:100::/72",
              "240e:97d:4:1ff::/72",
              "240e:bf:c800:400:100::/72",
              "240e:bf:c800:400::/72",
              "240e:cf:cf00:104:1000::/68",
              "240e:cf:cf00:104:3000::/68",
              "240e:cf:cf00:104:4000::/68",
              "240e:e9:b00c:5:1000::/68",
              "240e:e9:b00c:5:3000::/68",
              "240e:e9:b00c:5:4000::/68",
              "240e:f7:7000:c7:1000::/68",
              "240e:f7:7000:c7:3000::/68",
              "240e:f7:7000:c7:4000::/68",
              "240e:f7:a000:251:100::/72",
              "240e:f7:a000:251::/72",
              "240e:f7:ef00:f:1000::/68",
              "240e:f7:ef00:f:3000::/68",
              "240e:f7:ef00:f:4000::/68"
            ],
            "cidr_blocks": [
              "103.21.244.0/22",
              "103.22.200.0/22",
              "103.31.4.0/22",
              "104.16.0.0/13",
              "104.24.0.0/14",
              "108.162.192.0/18",
              "131.0.72.0/22",
              "141.101.64.0/18",
              "162.158.0.0/15",
              "172.64.0.0/13",
              "173.245.48.0/20",
              "188.114.96.0/20",
              "190.93.240.0/20",
              "197.234.240.0/22",
              "198.41.128.0/17",
              "2400:cb00::/32",
              "2405:8100::/32",
              "2405:b500::/32",
              "2606:4700::/32",
              "2803:f800::/32",
              "2a06:98c0::/29",
              "2c0f:f248::/32"
            ],
            "id": "2749251940",
            "ipv4_cidr_blocks": [
              "103.21.244.0/22",
              "103.22.200.0/22",
              "103.31.4.0/22",
              "104.16.0.0/13",
              "104.24.0.0/14",
              "108.162.192.0/18",
              "131.0.72.0/22",
              "141.101.64.0/18",
              "162.158.0.0/15",
              "172.64.0.0/13",
              "173.245.48.0/20",
              "188.114.96.0/20",
              "190.93.240.0/20",
              "197.234.240.0/22",
              "198.41.128.0/17"
            ],
            "ipv6_cidr_blocks": [
              "2400:cb00::/32",
              "2405:8100::/32",
              "2405:b500::/32",
              "2606:4700::/32",
              "2803:f800::/32",
              "2a06:98c0::/29",
              "2c0f:f248::/32"
            ]
          },
          "sensitive_attributes": []
        }
      ]
    },
    {
      "mode": "data",
      "type": "cloudflare_zones",
      "name": "mybooks_domain_zones",
      "provider": "provider[\"registry.terraform.io/cloudflare/cloudflare\"]",
      "instances": [
        {
          "schema_version": 0,
          "attributes": {
            "filter": [
              {
                "lookup_type": "exact",
                "match": "",
                "name": "mybooksrating.com",
                "paused": false,
                "status": "active"
              }
            ],
            "id": "6bf5e0c5c5ccb41d16475ead664a4f3e",
            "zones": [
              {
                "id": "c6bb5fccf5ea1f675f282f60a0f7c25e",
                "name": "mybooksrating.com"
              }
            ]
          },
          "sensitive_attributes": []
        }
      ]
    },
    {
      "mode": "data",
      "type": "digitalocean_droplet",
      "name": "www",
      "provider": "provider[\"registry.terraform.io/digitalocean/digitalocean\"]",
      "instances": [
        {
          "schema_version": 0,
          "attributes": {
            "backups": false,
            "created_at": "2021-05-21T18:15:08Z",
            "disk": 25,
            "id": 247053522,
            "image": "ubuntu-20-04-x64",
            "ipv4_address": "104.248.247.213",
            "ipv4_address_private": "10.114.0.2",
            "ipv6": false,
            "ipv6_address": null,
            "ipv6_address_private": null,
            "locked": false,
            "memory": 1024,
            "monitoring": false,
            "name": "mybooks-droplet",
            "price_hourly": 0.00744,
            "price_monthly": 5,
            "private_networking": true,
            "region": "fra1",
            "size": "s-1vcpu-1gb",
            "status": "active",
            "tag": null,
            "tags": [],
            "urn": "do:droplet:247053522",
            "vcpus": 1,
            "volume_ids": [],
            "vpc_uuid": "d7a3966c-68f8-4d11-9f83-ad89549336f1"
          },
          "sensitive_attributes": []
        }
      ]
    },
    {
      "mode": "data",
      "type": "digitalocean_ssh_key",
      "name": "terraform",
      "provider": "provider[\"registry.terraform.io/digitalocean/digitalocean\"]",
      "instances": [
        {
          "schema_version": 0,
          "attributes": {
            "fingerprint": "35:da:6f:ed:4a:21:6f:bb:89:8b:66:07:16:b0:0a:d9",
            "id": "30316150",
            "name": "oleks",
            "public_key": "ssh-rsa AAAAB3NzaC1yc2EAAAADAQABAAABAQDBeZa6kGhDooXDXumssKqtnqDv4KRFWDPLP64zpn2QY5Gac0gyhUSUP3ednOpjLjiaAu8tKhpenD1/WGBdyT4VuY9xx8+RhPshysjexPZMYdX0ieEd3n1OiPi6zGSpXw4B6HafcoZoakvSDmpisKX9lpcB2Xdwp/FI31Gl5SYL3CMMqKp/CfkUHVY95BtbLZLQeUKf2faWmietMAmmuUKryaBqHzDcxuFE94b+yS3staiW2EhkHvdbn/XiRrQWW7Prtj59Dsmhg+Cp+/DL/GN39alKAmJbjjVYffalYKmZJaezKhmOsxKMtTuVAb4Dc7o4xTjDcOaY5EvbyxkPecej oleksandr@Oleksandrs-MacBook-Pro.local"
          },
          "sensitive_attributes": []
        }
      ]
    },
    {
      "mode": "data",
      "type": "digitalocean_volume",
      "name": "block-volume",
      "provider": "provider[\"registry.terraform.io/digitalocean/digitalocean\"]",
      "instances": [
        {
          "schema_version": 0,
          "attributes": {
            "description": "Persistent volume for mybooks project",
            "droplet_ids": [],
            "filesystem_label": null,
            "filesystem_type": "ext4",
            "id": "093fc82d-b8e0-11eb-bc45-0a58ac14d16a",
            "name": "mybooks",
            "region": "fra1",
            "size": 15,
            "tags": [],
            "urn": "do:volume:093fc82d-b8e0-11eb-bc45-0a58ac14d16a"
          },
          "sensitive_attributes": []
        }
      ]
    },
    {
      "mode": "managed",
      "type": "cloudflare_authenticated_origin_pulls",
      "name": "auth_origin_pull",
      "provider": "provider[\"registry.terraform.io/cloudflare/cloudflare\"]",
      "instances": [
        {
          "schema_version": 0,
          "attributes": {
            "authenticated_origin_pulls_certificate": null,
            "enabled": true,
            "hostname": null,
            "id": "98b53c590ad46fdad367ab64ee7c473a",
            "zone_id": "c6bb5fccf5ea1f675f282f60a0f7c25e"
          },
          "sensitive_attributes": [],
          "private": "bnVsbA==",
          "dependencies": [
            "data.cloudflare_zones.mybooks_domain_zones"
          ]
        }
      ]
    },
    {
      "mode": "managed",
      "type": "cloudflare_page_rule",
      "name": "www-to-non-www",
      "provider": "provider[\"registry.terraform.io/cloudflare/cloudflare\"]",
      "instances": [
        {
          "schema_version": 0,
          "attributes": {
            "actions": [
              {
                "always_online": "",
                "always_use_https": false,
                "automatic_https_rewrites": "",
                "browser_cache_ttl": "",
                "browser_check": "",
                "bypass_cache_on_cookie": "",
                "cache_by_device_type": "",
                "cache_deception_armor": "",
                "cache_key_fields": [],
                "cache_level": "",
                "cache_on_cookie": "",
                "cache_ttl_by_status": [],
                "disable_apps": false,
                "disable_performance": false,
                "disable_railgun": false,
                "disable_security": false,
                "edge_cache_ttl": 0,
                "email_obfuscation": "",
                "explicit_cache_control": "",
                "forwarding_url": [
                  {
                    "status_code": 302,
                    "url": "https://mybooksrating.com"
                  }
                ],
                "host_header_override": "",
                "ip_geolocation": "",
                "minify": [],
                "mirage": "",
                "opportunistic_encryption": "",
                "origin_error_page_pass_thru": "",
                "polish": "",
                "resolve_override": "",
                "respect_strong_etag": "",
                "response_buffering": "",
                "rocket_loader": "",
                "security_level": "",
                "server_side_exclude": "",
                "sort_query_string_for_cache": "",
                "ssl": "",
                "true_client_ip_header": "",
                "waf": ""
              }
            ],
            "id": "2b7aee0f064af6dea760b43df657c6c9",
            "priority": 1,
            "status": "active",
            "target": "www.mybooksrating.com/",
            "zone_id": "c6bb5fccf5ea1f675f282f60a0f7c25e"
          },
          "sensitive_attributes": [],
          "private": "bnVsbA==",
          "dependencies": [
            "data.cloudflare_zones.mybooks_domain_zones"
          ]
        }
      ]
    },
    {
      "mode": "managed",
      "type": "cloudflare_record",
      "name": "mybooks_record",
      "provider": "provider[\"registry.terraform.io/cloudflare/cloudflare\"]",
      "instances": [
        {
          "schema_version": 1,
          "attributes": {
            "created_on": "2021-05-21T18:15:42.002483Z",
            "data": null,
            "hostname": "mybooksrating.com",
            "id": "529128866fd789c3a4d27e6583fd3ac8",
            "metadata": {
              "auto_added": "false",
              "managed_by_apps": "false",
              "managed_by_argo_tunnel": "false",
              "source": "primary"
            },
            "modified_on": "2021-05-21T18:15:42.002483Z",
            "name": "mybooksrating.com",
            "priority": null,
            "proxiable": true,
            "proxied": true,
            "timeouts": null,
            "ttl": 1,
            "type": "A",
            "value": "104.248.247.213",
            "zone_id": "c6bb5fccf5ea1f675f282f60a0f7c25e"
          },
          "sensitive_attributes": [],
          "private": "eyJlMmJmYjczMC1lY2FhLTExZTYtOGY4OC0zNDM2M2JjN2M0YzAiOnsiY3JlYXRlIjozMDAwMDAwMDAwMCwidXBkYXRlIjozMDAwMDAwMDAwMH0sInNjaGVtYV92ZXJzaW9uIjoiMSJ9",
          "dependencies": [
            "data.cloudflare_zones.mybooks_domain_zones",
            "data.digitalocean_droplet.www",
            "data.digitalocean_ssh_key.terraform",
            "digitalocean_droplet.www"
          ]
        }
      ]
    },
    {
      "mode": "managed",
      "type": "cloudflare_zone_settings_override",
      "name": "mybooks_zone_settings",
      "provider": "provider[\"registry.terraform.io/cloudflare/cloudflare\"]",
      "instances": [
        {
          "schema_version": 0,
          "attributes": {
            "id": "c6bb5fccf5ea1f675f282f60a0f7c25e",
            "initial_settings": [
              {
                "always_online": "on",
                "always_use_https": "on",
                "automatic_https_rewrites": "on",
                "brotli": "on",
                "browser_cache_ttl": 14400,
                "browser_check": "on",
                "cache_level": "aggressive",
                "challenge_ttl": 1800,
                "cname_flattening": "flatten_at_root",
                "development_mode": "off",
                "email_obfuscation": "on",
                "h2_prioritization": "off",
                "hotlink_protection": "off",
                "http2": "on",
                "http3": "on",
                "image_resizing": "off",
                "ip_geolocation": "on",
                "ipv6": "on",
                "max_upload": 100,
                "min_tls_version": "1.0",
                "minify": [
                  {
                    "css": "off",
                    "html": "off",
                    "js": "off"
                  }
                ],
                "mirage": "off",
                "mobile_redirect": [
                  {
                    "mobile_subdomain": "",
                    "status": "off",
                    "strip_uri": false
                  }
                ],
                "opportunistic_encryption": "on",
                "opportunistic_onion": "on",
                "origin_error_page_pass_thru": "off",
                "polish": "off",
                "prefetch_preload": "off",
                "privacy_pass": "on",
                "pseudo_ipv4": "off",
                "response_buffering": "off",
                "rocket_loader": "off",
                "security_header": [
                  {
                    "enabled": false,
                    "include_subdomains": false,
                    "max_age": 0,
                    "nosniff": false,
                    "preload": false
                  }
                ],
                "security_level": "medium",
                "server_side_exclude": "on",
                "sort_query_string_for_cache": "off",
                "ssl": "flexible",
                "tls_1_2_only": "off",
                "tls_1_3": "on",
                "tls_client_auth": "off",
                "true_client_ip_header": "off",
                "universal_ssl": "",
                "waf": "off",
                "webp": "off",
                "websockets": "on",
                "zero_rtt": "off"
              }
            ],
            "initial_settings_read_at": "2021-05-21T18:15:12.407368Z",
            "readonly_settings": [
              "advanced_ddos",
              "cname_flattening",
              "http2",
              "mirage",
              "origin_error_page_pass_thru",
              "polish",
              "prefetch_preload",
              "response_buffering",
              "sort_query_string_for_cache",
              "true_client_ip_header",
              "webp",
              "binary_ast",
              "image_resizing"
            ],
            "settings": [
              {
                "always_online": "on",
                "always_use_https": "on",
                "automatic_https_rewrites": "on",
                "brotli": "on",
                "browser_cache_ttl": 0,
                "browser_check": "",
                "cache_level": "",
                "challenge_ttl": 0,
                "cname_flattening": "",
                "development_mode": "",
                "email_obfuscation": "",
                "h2_prioritization": "",
                "hotlink_protection": "",
                "http2": "",
                "http3": "on",
                "image_resizing": "",
                "ip_geolocation": "",
                "ipv6": "",
                "max_upload": 0,
                "min_tls_version": "1.2",
                "minify": [
                  {
                    "css": "on",
                    "html": "off",
                    "js": "off"
                  }
                ],
                "mirage": "",
                "mobile_redirect": [],
                "opportunistic_encryption": "",
                "opportunistic_onion": "",
                "origin_error_page_pass_thru": "",
                "polish": "",
                "prefetch_preload": "",
                "privacy_pass": "",
                "pseudo_ipv4": "",
                "response_buffering": "",
                "rocket_loader": "",
                "security_header": [],
                "security_level": "",
                "server_side_exclude": "",
                "sort_query_string_for_cache": "",
                "ssl": "full",
                "tls_1_2_only": "",
                "tls_1_3": "",
                "tls_client_auth": "",
                "true_client_ip_header": "",
                "universal_ssl": "",
                "waf": "",
                "webp": "",
                "websockets": "",
                "zero_rtt": ""
              }
            ],
            "zone_id": "c6bb5fccf5ea1f675f282f60a0f7c25e",
            "zone_status": null,
            "zone_type": null
          },
          "sensitive_attributes": [],
          "private": "bnVsbA==",
          "dependencies": [
            "data.cloudflare_zones.mybooks_domain_zones"
          ]
        }
      ]
    },
    {
      "mode": "managed",
      "type": "digitalocean_droplet",
      "name": "www",
      "provider": "provider[\"registry.terraform.io/digitalocean/digitalocean\"]",
      "instances": [
        {
          "schema_version": 1,
          "attributes": {
            "backups": false,
            "created_at": "2021-05-21T18:15:08Z",
            "disk": 25,
            "id": "247053522",
            "image": "ubuntu-20-04-x64",
            "ipv4_address": "104.248.247.213",
            "ipv4_address_private": "10.114.0.2",
            "ipv6": false,
            "ipv6_address": "",
            "ipv6_address_private": null,
            "locked": false,
            "memory": 1024,
            "monitoring": false,
            "name": "mybooks-droplet",
            "price_hourly": 0.00744,
            "price_monthly": 5,
            "private_networking": true,
            "region": "fra1",
            "resize_disk": true,
            "size": "s-1vcpu-1gb",
            "ssh_keys": [
              "30316150"
            ],
            "status": "active",
            "tags": null,
            "urn": "do:droplet:247053522",
            "user_data": "63ea383241ae8398b33a91bd2287d573fb1a30b5",
            "vcpus": 1,
            "volume_ids": [],
            "vpc_uuid": "d7a3966c-68f8-4d11-9f83-ad89549336f1"
          },
          "sensitive_attributes": [],
          "private": "eyJzY2hlbWFfdmVyc2lvbiI6IjEifQ==",
          "dependencies": [
            "data.digitalocean_ssh_key.terraform"
          ]
        }
      ]
    },
    {
      "mode": "managed",
      "type": "digitalocean_firewall",
      "name": "www",
      "provider": "provider[\"registry.terraform.io/digitalocean/digitalocean\"]",
      "instances": [
        {
          "schema_version": 0,
          "attributes": {
            "created_at": null,
            "droplet_ids": [
              247053522
            ],
            "id": "cda380da-d12a-4184-8d06-ef4022787cbb",
            "inbound_rule": [
              {
                "port_range": "",
                "protocol": "icmp",
                "source_addresses": [
                  "0.0.0.0/0",
                  "::/0"
                ],
                "source_droplet_ids": [],
                "source_load_balancer_uids": [],
                "source_tags": []
              },
              {
                "port_range": "22",
                "protocol": "tcp",
                "source_addresses": [
                  "0.0.0.0/0",
                  "::/0"
                ],
                "source_droplet_ids": [],
                "source_load_balancer_uids": [],
                "source_tags": []
              },
              {
                "port_range": "443",
                "protocol": "tcp",
                "source_addresses": [
                  "103.21.244.0/22",
                  "103.22.200.0/22",
                  "103.31.4.0/22",
                  "104.16.0.0/13",
                  "104.24.0.0/14",
                  "108.162.192.0/18",
                  "131.0.72.0/22",
                  "141.101.64.0/18",
                  "162.158.0.0/15",
                  "172.64.0.0/13",
                  "173.245.48.0/20",
                  "188.114.96.0/20",
                  "190.93.240.0/20",
                  "197.234.240.0/22",
                  "198.41.128.0/17",
                  "2400:cb00::/32",
                  "2405:8100::/32",
                  "2405:b500::/32",
                  "2606:4700::/32",
                  "2803:f800::/32",
                  "2a06:98c0::/29",
                  "2c0f:f248::/32"
                ],
                "source_droplet_ids": [],
                "source_load_balancer_uids": [],
                "source_tags": []
              },
              {
                "port_range": "80",
                "protocol": "tcp",
                "source_addresses": [
                  "103.21.244.0/22",
                  "103.22.200.0/22",
                  "103.31.4.0/22",
                  "104.16.0.0/13",
                  "104.24.0.0/14",
                  "108.162.192.0/18",
                  "131.0.72.0/22",
                  "141.101.64.0/18",
                  "162.158.0.0/15",
                  "172.64.0.0/13",
                  "173.245.48.0/20",
                  "188.114.96.0/20",
                  "190.93.240.0/20",
                  "197.234.240.0/22",
                  "198.41.128.0/17",
                  "2400:cb00::/32",
                  "2405:8100::/32",
                  "2405:b500::/32",
                  "2606:4700::/32",
                  "2803:f800::/32",
                  "2a06:98c0::/29",
                  "2c0f:f248::/32"
                ],
                "source_droplet_ids": [],
                "source_load_balancer_uids": [],
                "source_tags": []
              }
            ],
            "name": "only-22-80-and-443",
            "outbound_rule": [
              {
                "destination_addresses": [
                  "0.0.0.0/0",
                  "::/0"
                ],
                "destination_droplet_ids": [],
                "destination_load_balancer_uids": [],
                "destination_tags": [],
                "port_range": "1-65535",
                "protocol": "icmp"
              },
              {
                "destination_addresses": [
                  "0.0.0.0/0",
                  "::/0"
                ],
                "destination_droplet_ids": [],
                "destination_load_balancer_uids": [],
                "destination_tags": [],
                "port_range": "1-65535",
                "protocol": "tcp"
              },
              {
                "destination_addresses": [
                  "0.0.0.0/0",
                  "::/0"
                ],
                "destination_droplet_ids": [],
                "destination_load_balancer_uids": [],
                "destination_tags": [],
                "port_range": "1-65535",
                "protocol": "udp"
              }
            ],
            "pending_changes": [
              {
                "droplet_id": 247053522,
                "removing": false,
                "status": "waiting"
              }
            ],
            "status": "waiting",
            "tags": null
          },
          "sensitive_attributes": [],
          "private": "bnVsbA==",
          "dependencies": [
            "data.cloudflare_ip_ranges.cloudflare",
            "data.digitalocean_ssh_key.terraform",
            "digitalocean_droplet.www"
          ]
        }
      ]
    },
    {
      "mode": "managed",
      "type": "digitalocean_project",
      "name": "mybooks",
      "provider": "provider[\"registry.terraform.io/digitalocean/digitalocean\"]",
      "instances": [
        {
          "schema_version": 0,
          "attributes": {
            "created_at": "2021-05-21T18:15:40Z",
            "description": "MyBooksRating",
            "environment": "Production",
            "id": "d377875b-5f7b-44a3-80cd-c6d8b210526b",
            "is_default": false,
            "name": "mybooks",
            "owner_id": 8243601,
            "owner_uuid": "185d32de-6c1b-432c-9d43-208d2502c62e",
            "purpose": "Web Application",
            "resources": [
              "do:droplet:247053522"
            ],
            "updated_at": "2021-05-21T18:15:40Z"
          },
          "sensitive_attributes": [],
          "private": "bnVsbA==",
          "dependencies": [
            "data.digitalocean_ssh_key.terraform",
            "digitalocean_droplet.www"
          ]
        }
      ]
    },
    {
      "mode": "managed",
      "type": "digitalocean_volume_attachment",
      "name": "vol-attachment",
      "provider": "provider[\"registry.terraform.io/digitalocean/digitalocean\"]",
      "instances": [
        {
          "schema_version": 0,
          "attributes": {
            "droplet_id": 247053522,
            "id": "247053522-093fc82d-b8e0-11eb-bc45-0a58ac14d16a-20210521181552178900000001",
            "volume_id": "093fc82d-b8e0-11eb-bc45-0a58ac14d16a"
          },
          "sensitive_attributes": [],
          "private": "bnVsbA==",
          "dependencies": [
            "data.digitalocean_ssh_key.terraform",
            "data.digitalocean_volume.block-volume",
            "digitalocean_droplet.www"
          ]
        }
      ]
    }
  ]
}
